
Microsoft Visual Studio Solution File, Format Version 12.00
# Visual Studio 15
VisualStudioVersion = 15.0.28307.1585
MinimumVisualStudioVersion = 10.0.40219.1
Project("{F184B08F-C81C-45F6-A57F-5ABD9991F28F}") = "Samlpe01", "Samlpe01\Samlpe01.vbproj", "{25C98A9A-C167-419F-B62D-78CB1F7172DB}"
EndProject
Project("{F184B08F-C81C-45F6-A57F-5ABD9991F28F}") = "Sample02", "Sample02\Sample02.vbproj", "{320D4DCE-A2B3-44E9-9EBA-E7019F870B38}"
EndProject
Project("{F184B08F-C81C-45F6-A57F-5ABD9991F28F}") = "Sample03", "Sample03\Sample03.vbproj", "{79018CCE-62DA-4A1C-98CA-C212230869FF}"
EndProject
Project("{F184B08F-C81C-45F6-A57F-5ABD9991F28F}") = "Samlpe04", "Samlpe04\Samlpe04.vbproj", "{E82F0F71-E84D-45DB-870B-D933EDD4B608}"
EndProject
Project("{F184B08F-C81C-45F6-A57F-5ABD9991F28F}") = "Practice01", "Practice01\Practice01.vbproj", "{8DE5083F-8C4E-4A2F-A0D5-EA063DCC434E}"
EndProject
Project("{F184B08F-C81C-45F6-A57F-5ABD9991F28F}") = "practice02", "practice02\practice02.vbproj", "{681660DC-12AD-47C7-B90A-6A097AADD3A6}"
EndProject
Project("{F184B08F-C81C-45F6-A57F-5ABD9991F28F}") = "Sample05", "Sample05\Sample05.vbproj", "{D966ACE4-E6B2-4617-8EFE-5B78F1121AE2}"
EndProject
Project("{F184B08F-C81C-45F6-A57F-5ABD9991F28F}") = "practice03", "practice03\practice03.vbproj", "{FB6B80BC-7CE9-4939-8C6C-3E252A1A60A0}"
EndProject
Project("{F184B08F-C81C-45F6-A57F-5ABD9991F28F}") = "practice04", "practice04\practice04.vbproj", "{2A35E462-9E8A-4126-A867-BF9CD9CC0668}"
EndProject
Project("{F184B08F-C81C-45F6-A57F-5ABD9991F28F}") = "Sample06", "Sample06\Sample06.vbproj", "{65C9E33E-3398-43F5-9B03-630CFB4007C9}"
EndProject
Project("{F184B08F-C81C-45F6-A57F-5ABD9991F28F}") = "Sample07", "Sample07\Sample07.vbproj", "{CDB72CBB-6670-4F20-809F-2690740055E4}"
EndProject
Project("{F184B08F-C81C-45F6-A57F-5ABD9991F28F}") = "practice05", "practice05\practice05.vbproj", "{C6C03751-C972-42A1-BF67-45B6FE992757}"
EndProject
Project("{F184B08F-C81C-45F6-A57F-5ABD9991F28F}") = "practice06", "practice06\practice06.vbproj", "{2B0E3107-79B8-47D1-B681-0163245662E4}"
EndProject
Project("{F184B08F-C81C-45F6-A57F-5ABD9991F28F}") = "practice07", "practice07\practice07.vbproj", "{668B94AB-7FF9-4EE8-AD62-C8F6EA5EB9EB}"
EndProject
Project("{F184B08F-C81C-45F6-A57F-5ABD9991F28F}") = "Sample08", "Sample08\Sample08.vbproj", "{E6FEDF18-DE01-4362-A13F-650574E949B6}"
EndProject
Project("{F184B08F-C81C-45F6-A57F-5ABD9991F28F}") = "pracitice08", "pracitice08\pracitice08.vbproj", "{A4EAA215-9828-42ED-8433-1543F3C26252}"
EndProject
Project("{F184B08F-C81C-45F6-A57F-5ABD9991F28F}") = "Practice09", "Practice09\Practice09.vbproj", "{E3AB9190-8A4B-4793-9415-03D4139427C1}"
EndProject
Project("{F184B08F-C81C-45F6-A57F-5ABD9991F28F}") = "Sample09", "Sample09\Sample09.vbproj", "{5CA52224-F47C-48CF-911F-CC44EC7F909B}"
EndProject
Project("{F184B08F-C81C-45F6-A57F-5ABD9991F28F}") = "Sample10", "Sample10\Sample10.vbproj", "{DDE967EC-AE9F-4CEC-924A-D9AAD15BFC11}"
EndProject
Project("{F184B08F-C81C-45F6-A57F-5ABD9991F28F}") = "Sample11", "Sample11\Sample11.vbproj", "{B5EEF37D-79E0-46C6-9779-C5FD39F83900}"
EndProject
Project("{F184B08F-C81C-45F6-A57F-5ABD9991F28F}") = "Sample12", "Sample12\Sample12.vbproj", "{B29FB6B1-A601-416E-B3A9-31D4A74CD0C9}"
EndProject
Project("{F184B08F-C81C-45F6-A57F-5ABD9991F28F}") = "Sample13", "Sample13\Sample13.vbproj", "{FF8FCE21-DCBF-4F66-920B-D627C4F72799}"
EndProject
Project("{F184B08F-C81C-45F6-A57F-5ABD9991F28F}") = "Practice10", "Practice10\Practice10.vbproj", "{F88F59B4-CA4C-484F-9D2C-3E7F92ECA305}"
EndProject
Project("{F184B08F-C81C-45F6-A57F-5ABD9991F28F}") = "Practice11", "Practice11\Practice11.vbproj", "{71B21299-A8AB-4B7C-9C44-36C221C2C02A}"
EndProject
Project("{F184B08F-C81C-45F6-A57F-5ABD9991F28F}") = "Practice12", "Practice12\Practice12.vbproj", "{CC0C6032-CBA6-4EB8-B1BF-D534F7989733}"
EndProject
Project("{F184B08F-C81C-45F6-A57F-5ABD9991F28F}") = "Practice13", "Practice13\Practice13.vbproj", "{F117A94E-6A04-4A10-80E5-B3BA8067DEB6}"
EndProject
Project("{F184B08F-C81C-45F6-A57F-5ABD9991F28F}") = "Practice14", "Practice14\Practice14.vbproj", "{8AF1790E-D861-4DE9-BDC1-C99DA5AB5BA8}"
EndProject
Project("{F184B08F-C81C-45F6-A57F-5ABD9991F28F}") = "Sample15", "Sample15\Sample15.vbproj", "{C7200651-8F5E-4593-AA3F-BD9C0CC22946}"
EndProject
Project("{F184B08F-C81C-45F6-A57F-5ABD9991F28F}") = "Sample16", "Sample16\Sample16.vbproj", "{01C3AC73-D899-4CEA-BAF1-6938572B7427}"
EndProject
Project("{F184B08F-C81C-45F6-A57F-5ABD9991F28F}") = "Sample17", "Sample17\Sample17.vbproj", "{5C94F02F-EA8A-474E-947D-26E4A71699E2}"
EndProject
Project("{F184B08F-C81C-45F6-A57F-5ABD9991F28F}") = "Practice15", "Practice15\Practice15.vbproj", "{0B0EBD6D-91F7-403F-8D2B-089CE229987D}"
EndProject
Project("{F184B08F-C81C-45F6-A57F-5ABD9991F28F}") = "Sample18", "Sample18\Sample18.vbproj", "{E2D6FA45-693E-4384-BF9A-DE505CA829F2}"
EndProject
Project("{F184B08F-C81C-45F6-A57F-5ABD9991F28F}") = "Practice16", "Practice16\Practice16.vbproj", "{46640D85-0D4D-489F-ABD1-C8C81824476B}"
EndProject
Project("{F184B08F-C81C-45F6-A57F-5ABD9991F28F}") = "Sample19", "Sample19\Sample19.vbproj", "{D891EA6D-EDAD-4EA6-979B-B94CA4B19663}"
EndProject
Project("{F184B08F-C81C-45F6-A57F-5ABD9991F28F}") = "Sample20", "Sample20\Sample20.vbproj", "{6BE67B81-E884-4AD2-8AD8-1C66EA81459F}"
EndProject
Project("{F184B08F-C81C-45F6-A57F-5ABD9991F28F}") = "Sample22", "Sample22\Sample22.vbproj", "{9C4AC0DD-8AE7-4F0F-ADDB-3BA0438AA87F}"
EndProject
Project("{F184B08F-C81C-45F6-A57F-5ABD9991F28F}") = "Sample23", "Sample23\Sample23.vbproj", "{7581329B-4360-4D10-A0F4-17B4926CD65E}"
EndProject
Project("{F184B08F-C81C-45F6-A57F-5ABD9991F28F}") = "Practice18", "Practice18\Practice18.vbproj", "{0310367E-454A-4CAF-A73A-DF6376ED2C01}"
EndProject
Project("{F184B08F-C81C-45F6-A57F-5ABD9991F28F}") = "Sample24", "Sample24\Sample24.vbproj", "{CADF1EF4-88B9-428C-8CFB-F34D1F3E8ABF}"
EndProject
Project("{F184B08F-C81C-45F6-A57F-5ABD9991F28F}") = "Practice19", "Practice19\Practice19.vbproj", "{A51B1120-1F03-487B-80A3-525CF77EC2B9}"
EndProject
Project("{F184B08F-C81C-45F6-A57F-5ABD9991F28F}") = "Practice20", "Practice20\Practice20.vbproj", "{7C2447C6-C4C1-46B5-9C59-4D657C317283}"
EndProject
Global
	GlobalSection(SolutionConfigurationPlatforms) = preSolution
		Debug|Any CPU = Debug|Any CPU
		Release|Any CPU = Release|Any CPU
	EndGlobalSection
	GlobalSection(ProjectConfigurationPlatforms) = postSolution
		{25C98A9A-C167-419F-B62D-78CB1F7172DB}.Debug|Any CPU.ActiveCfg = Debug|Any CPU
		{25C98A9A-C167-419F-B62D-78CB1F7172DB}.Debug|Any CPU.Build.0 = Debug|Any CPU
		{25C98A9A-C167-419F-B62D-78CB1F7172DB}.Release|Any CPU.ActiveCfg = Release|Any CPU
		{25C98A9A-C167-419F-B62D-78CB1F7172DB}.Release|Any CPU.Build.0 = Release|Any CPU
		{320D4DCE-A2B3-44E9-9EBA-E7019F870B38}.Debug|Any CPU.ActiveCfg = Debug|Any CPU
		{320D4DCE-A2B3-44E9-9EBA-E7019F870B38}.Debug|Any CPU.Build.0 = Debug|Any CPU
		{320D4DCE-A2B3-44E9-9EBA-E7019F870B38}.Release|Any CPU.ActiveCfg = Release|Any CPU
		{320D4DCE-A2B3-44E9-9EBA-E7019F870B38}.Release|Any CPU.Build.0 = Release|Any CPU
		{79018CCE-62DA-4A1C-98CA-C212230869FF}.Debug|Any CPU.ActiveCfg = Debug|Any CPU
		{79018CCE-62DA-4A1C-98CA-C212230869FF}.Debug|Any CPU.Build.0 = Debug|Any CPU
		{79018CCE-62DA-4A1C-98CA-C212230869FF}.Release|Any CPU.ActiveCfg = Release|Any CPU
		{79018CCE-62DA-4A1C-98CA-C212230869FF}.Release|Any CPU.Build.0 = Release|Any CPU
		{E82F0F71-E84D-45DB-870B-D933EDD4B608}.Debug|Any CPU.ActiveCfg = Debug|Any CPU
		{E82F0F71-E84D-45DB-870B-D933EDD4B608}.Debug|Any CPU.Build.0 = Debug|Any CPU
		{E82F0F71-E84D-45DB-870B-D933EDD4B608}.Release|Any CPU.ActiveCfg = Release|Any CPU
		{E82F0F71-E84D-45DB-870B-D933EDD4B608}.Release|Any CPU.Build.0 = Release|Any CPU
		{8DE5083F-8C4E-4A2F-A0D5-EA063DCC434E}.Debug|Any CPU.ActiveCfg = Debug|Any CPU
		{8DE5083F-8C4E-4A2F-A0D5-EA063DCC434E}.Debug|Any CPU.Build.0 = Debug|Any CPU
		{8DE5083F-8C4E-4A2F-A0D5-EA063DCC434E}.Release|Any CPU.ActiveCfg = Release|Any CPU
		{8DE5083F-8C4E-4A2F-A0D5-EA063DCC434E}.Release|Any CPU.Build.0 = Release|Any CPU
		{681660DC-12AD-47C7-B90A-6A097AADD3A6}.Debug|Any CPU.ActiveCfg = Debug|Any CPU
		{681660DC-12AD-47C7-B90A-6A097AADD3A6}.Debug|Any CPU.Build.0 = Debug|Any CPU
		{681660DC-12AD-47C7-B90A-6A097AADD3A6}.Release|Any CPU.ActiveCfg = Release|Any CPU
		{681660DC-12AD-47C7-B90A-6A097AADD3A6}.Release|Any CPU.Build.0 = Release|Any CPU
		{D966ACE4-E6B2-4617-8EFE-5B78F1121AE2}.Debug|Any CPU.ActiveCfg = Debug|Any CPU
		{D966ACE4-E6B2-4617-8EFE-5B78F1121AE2}.Debug|Any CPU.Build.0 = Debug|Any CPU
		{D966ACE4-E6B2-4617-8EFE-5B78F1121AE2}.Release|Any CPU.ActiveCfg = Release|Any CPU
		{D966ACE4-E6B2-4617-8EFE-5B78F1121AE2}.Release|Any CPU.Build.0 = Release|Any CPU
		{FB6B80BC-7CE9-4939-8C6C-3E252A1A60A0}.Debug|Any CPU.ActiveCfg = Debug|Any CPU
		{FB6B80BC-7CE9-4939-8C6C-3E252A1A60A0}.Debug|Any CPU.Build.0 = Debug|Any CPU
		{FB6B80BC-7CE9-4939-8C6C-3E252A1A60A0}.Release|Any CPU.ActiveCfg = Release|Any CPU
		{FB6B80BC-7CE9-4939-8C6C-3E252A1A60A0}.Release|Any CPU.Build.0 = Release|Any CPU
		{2A35E462-9E8A-4126-A867-BF9CD9CC0668}.Debug|Any CPU.ActiveCfg = Debug|Any CPU
		{2A35E462-9E8A-4126-A867-BF9CD9CC0668}.Debug|Any CPU.Build.0 = Debug|Any CPU
		{2A35E462-9E8A-4126-A867-BF9CD9CC0668}.Release|Any CPU.ActiveCfg = Release|Any CPU
		{2A35E462-9E8A-4126-A867-BF9CD9CC0668}.Release|Any CPU.Build.0 = Release|Any CPU
		{65C9E33E-3398-43F5-9B03-630CFB4007C9}.Debug|Any CPU.ActiveCfg = Debug|Any CPU
		{65C9E33E-3398-43F5-9B03-630CFB4007C9}.Debug|Any CPU.Build.0 = Debug|Any CPU
		{65C9E33E-3398-43F5-9B03-630CFB4007C9}.Release|Any CPU.ActiveCfg = Release|Any CPU
		{65C9E33E-3398-43F5-9B03-630CFB4007C9}.Release|Any CPU.Build.0 = Release|Any CPU
		{CDB72CBB-6670-4F20-809F-2690740055E4}.Debug|Any CPU.ActiveCfg = Debug|Any CPU
		{CDB72CBB-6670-4F20-809F-2690740055E4}.Debug|Any CPU.Build.0 = Debug|Any CPU
		{CDB72CBB-6670-4F20-809F-2690740055E4}.Release|Any CPU.ActiveCfg = Release|Any CPU
		{CDB72CBB-6670-4F20-809F-2690740055E4}.Release|Any CPU.Build.0 = Release|Any CPU
		{C6C03751-C972-42A1-BF67-45B6FE992757}.Debug|Any CPU.ActiveCfg = Debug|Any CPU
		{C6C03751-C972-42A1-BF67-45B6FE992757}.Debug|Any CPU.Build.0 = Debug|Any CPU
		{C6C03751-C972-42A1-BF67-45B6FE992757}.Release|Any CPU.ActiveCfg = Release|Any CPU
		{C6C03751-C972-42A1-BF67-45B6FE992757}.Release|Any CPU.Build.0 = Release|Any CPU
		{2B0E3107-79B8-47D1-B681-0163245662E4}.Debug|Any CPU.ActiveCfg = Debug|Any CPU
		{2B0E3107-79B8-47D1-B681-0163245662E4}.Debug|Any CPU.Build.0 = Debug|Any CPU
		{2B0E3107-79B8-47D1-B681-0163245662E4}.Release|Any CPU.ActiveCfg = Release|Any CPU
		{2B0E3107-79B8-47D1-B681-0163245662E4}.Release|Any CPU.Build.0 = Release|Any CPU
		{668B94AB-7FF9-4EE8-AD62-C8F6EA5EB9EB}.Debug|Any CPU.ActiveCfg = Debug|Any CPU
		{668B94AB-7FF9-4EE8-AD62-C8F6EA5EB9EB}.Debug|Any CPU.Build.0 = Debug|Any CPU
		{668B94AB-7FF9-4EE8-AD62-C8F6EA5EB9EB}.Release|Any CPU.ActiveCfg = Release|Any CPU
		{668B94AB-7FF9-4EE8-AD62-C8F6EA5EB9EB}.Release|Any CPU.Build.0 = Release|Any CPU
		{E6FEDF18-DE01-4362-A13F-650574E949B6}.Debug|Any CPU.ActiveCfg = Debug|Any CPU
		{E6FEDF18-DE01-4362-A13F-650574E949B6}.Debug|Any CPU.Build.0 = Debug|Any CPU
		{E6FEDF18-DE01-4362-A13F-650574E949B6}.Release|Any CPU.ActiveCfg = Release|Any CPU
		{E6FEDF18-DE01-4362-A13F-650574E949B6}.Release|Any CPU.Build.0 = Release|Any CPU
		{A4EAA215-9828-42ED-8433-1543F3C26252}.Debug|Any CPU.ActiveCfg = Debug|Any CPU
		{A4EAA215-9828-42ED-8433-1543F3C26252}.Debug|Any CPU.Build.0 = Debug|Any CPU
		{A4EAA215-9828-42ED-8433-1543F3C26252}.Release|Any CPU.ActiveCfg = Release|Any CPU
		{A4EAA215-9828-42ED-8433-1543F3C26252}.Release|Any CPU.Build.0 = Release|Any CPU
		{E3AB9190-8A4B-4793-9415-03D4139427C1}.Debug|Any CPU.ActiveCfg = Debug|Any CPU
		{E3AB9190-8A4B-4793-9415-03D4139427C1}.Debug|Any CPU.Build.0 = Debug|Any CPU
		{E3AB9190-8A4B-4793-9415-03D4139427C1}.Release|Any CPU.ActiveCfg = Release|Any CPU
		{E3AB9190-8A4B-4793-9415-03D4139427C1}.Release|Any CPU.Build.0 = Release|Any CPU
		{5CA52224-F47C-48CF-911F-CC44EC7F909B}.Debug|Any CPU.ActiveCfg = Debug|Any CPU
		{5CA52224-F47C-48CF-911F-CC44EC7F909B}.Debug|Any CPU.Build.0 = Debug|Any CPU
		{5CA52224-F47C-48CF-911F-CC44EC7F909B}.Release|Any CPU.ActiveCfg = Release|Any CPU
		{5CA52224-F47C-48CF-911F-CC44EC7F909B}.Release|Any CPU.Build.0 = Release|Any CPU
		{DDE967EC-AE9F-4CEC-924A-D9AAD15BFC11}.Debug|Any CPU.ActiveCfg = Debug|Any CPU
		{DDE967EC-AE9F-4CEC-924A-D9AAD15BFC11}.Debug|Any CPU.Build.0 = Debug|Any CPU
		{DDE967EC-AE9F-4CEC-924A-D9AAD15BFC11}.Release|Any CPU.ActiveCfg = Release|Any CPU
		{DDE967EC-AE9F-4CEC-924A-D9AAD15BFC11}.Release|Any CPU.Build.0 = Release|Any CPU
		{B5EEF37D-79E0-46C6-9779-C5FD39F83900}.Debug|Any CPU.ActiveCfg = Debug|Any CPU
		{B5EEF37D-79E0-46C6-9779-C5FD39F83900}.Debug|Any CPU.Build.0 = Debug|Any CPU
		{B5EEF37D-79E0-46C6-9779-C5FD39F83900}.Release|Any CPU.ActiveCfg = Release|Any CPU
		{B5EEF37D-79E0-46C6-9779-C5FD39F83900}.Release|Any CPU.Build.0 = Release|Any CPU
		{B29FB6B1-A601-416E-B3A9-31D4A74CD0C9}.Debug|Any CPU.ActiveCfg = Debug|Any CPU
		{B29FB6B1-A601-416E-B3A9-31D4A74CD0C9}.Debug|Any CPU.Build.0 = Debug|Any CPU
		{B29FB6B1-A601-416E-B3A9-31D4A74CD0C9}.Release|Any CPU.ActiveCfg = Release|Any CPU
		{B29FB6B1-A601-416E-B3A9-31D4A74CD0C9}.Release|Any CPU.Build.0 = Release|Any CPU
		{FF8FCE21-DCBF-4F66-920B-D627C4F72799}.Debug|Any CPU.ActiveCfg = Debug|Any CPU
		{FF8FCE21-DCBF-4F66-920B-D627C4F72799}.Debug|Any CPU.Build.0 = Debug|Any CPU
		{FF8FCE21-DCBF-4F66-920B-D627C4F72799}.Release|Any CPU.ActiveCfg = Release|Any CPU
		{FF8FCE21-DCBF-4F66-920B-D627C4F72799}.Release|Any CPU.Build.0 = Release|Any CPU
		{F88F59B4-CA4C-484F-9D2C-3E7F92ECA305}.Debug|Any CPU.ActiveCfg = Debug|Any CPU
		{F88F59B4-CA4C-484F-9D2C-3E7F92ECA305}.Debug|Any CPU.Build.0 = Debug|Any CPU
		{F88F59B4-CA4C-484F-9D2C-3E7F92ECA305}.Release|Any CPU.ActiveCfg = Release|Any CPU
		{F88F59B4-CA4C-484F-9D2C-3E7F92ECA305}.Release|Any CPU.Build.0 = Release|Any CPU
		{71B21299-A8AB-4B7C-9C44-36C221C2C02A}.Debug|Any CPU.ActiveCfg = Debug|Any CPU
		{71B21299-A8AB-4B7C-9C44-36C221C2C02A}.Debug|Any CPU.Build.0 = Debug|Any CPU
		{71B21299-A8AB-4B7C-9C44-36C221C2C02A}.Release|Any CPU.ActiveCfg = Release|Any CPU
		{71B21299-A8AB-4B7C-9C44-36C221C2C02A}.Release|Any CPU.Build.0 = Release|Any CPU
		{CC0C6032-CBA6-4EB8-B1BF-D534F7989733}.Debug|Any CPU.ActiveCfg = Debug|Any CPU
		{CC0C6032-CBA6-4EB8-B1BF-D534F7989733}.Debug|Any CPU.Build.0 = Debug|Any CPU
		{CC0C6032-CBA6-4EB8-B1BF-D534F7989733}.Release|Any CPU.ActiveCfg = Release|Any CPU
		{CC0C6032-CBA6-4EB8-B1BF-D534F7989733}.Release|Any CPU.Build.0 = Release|Any CPU
		{F117A94E-6A04-4A10-80E5-B3BA8067DEB6}.Debug|Any CPU.ActiveCfg = Debug|Any CPU
		{F117A94E-6A04-4A10-80E5-B3BA8067DEB6}.Debug|Any CPU.Build.0 = Debug|Any CPU
		{F117A94E-6A04-4A10-80E5-B3BA8067DEB6}.Release|Any CPU.ActiveCfg = Release|Any CPU
		{F117A94E-6A04-4A10-80E5-B3BA8067DEB6}.Release|Any CPU.Build.0 = Release|Any CPU
		{8AF1790E-D861-4DE9-BDC1-C99DA5AB5BA8}.Debug|Any CPU.ActiveCfg = Debug|Any CPU
		{8AF1790E-D861-4DE9-BDC1-C99DA5AB5BA8}.Debug|Any CPU.Build.0 = Debug|Any CPU
		{8AF1790E-D861-4DE9-BDC1-C99DA5AB5BA8}.Release|Any CPU.ActiveCfg = Release|Any CPU
		{8AF1790E-D861-4DE9-BDC1-C99DA5AB5BA8}.Release|Any CPU.Build.0 = Release|Any CPU
		{C7200651-8F5E-4593-AA3F-BD9C0CC22946}.Debug|Any CPU.ActiveCfg = Debug|Any CPU
		{C7200651-8F5E-4593-AA3F-BD9C0CC22946}.Debug|Any CPU.Build.0 = Debug|Any CPU
		{C7200651-8F5E-4593-AA3F-BD9C0CC22946}.Release|Any CPU.ActiveCfg = Release|Any CPU
		{C7200651-8F5E-4593-AA3F-BD9C0CC22946}.Release|Any CPU.Build.0 = Release|Any CPU
		{01C3AC73-D899-4CEA-BAF1-6938572B7427}.Debug|Any CPU.ActiveCfg = Debug|Any CPU
		{01C3AC73-D899-4CEA-BAF1-6938572B7427}.Debug|Any CPU.Build.0 = Debug|Any CPU
		{01C3AC73-D899-4CEA-BAF1-6938572B7427}.Release|Any CPU.ActiveCfg = Release|Any CPU
		{01C3AC73-D899-4CEA-BAF1-6938572B7427}.Release|Any CPU.Build.0 = Release|Any CPU
		{5C94F02F-EA8A-474E-947D-26E4A71699E2}.Debug|Any CPU.ActiveCfg = Debug|Any CPU
		{5C94F02F-EA8A-474E-947D-26E4A71699E2}.Debug|Any CPU.Build.0 = Debug|Any CPU
		{5C94F02F-EA8A-474E-947D-26E4A71699E2}.Release|Any CPU.ActiveCfg = Release|Any CPU
		{5C94F02F-EA8A-474E-947D-26E4A71699E2}.Release|Any CPU.Build.0 = Release|Any CPU
		{0B0EBD6D-91F7-403F-8D2B-089CE229987D}.Debug|Any CPU.ActiveCfg = Debug|Any CPU
		{0B0EBD6D-91F7-403F-8D2B-089CE229987D}.Debug|Any CPU.Build.0 = Debug|Any CPU
		{0B0EBD6D-91F7-403F-8D2B-089CE229987D}.Release|Any CPU.ActiveCfg = Release|Any CPU
		{0B0EBD6D-91F7-403F-8D2B-089CE229987D}.Release|Any CPU.Build.0 = Release|Any CPU
		{E2D6FA45-693E-4384-BF9A-DE505CA829F2}.Debug|Any CPU.ActiveCfg = Debug|Any CPU
		{E2D6FA45-693E-4384-BF9A-DE505CA829F2}.Debug|Any CPU.Build.0 = Debug|Any CPU
		{E2D6FA45-693E-4384-BF9A-DE505CA829F2}.Release|Any CPU.ActiveCfg = Release|Any CPU
		{E2D6FA45-693E-4384-BF9A-DE505CA829F2}.Release|Any CPU.Build.0 = Release|Any CPU
		{46640D85-0D4D-489F-ABD1-C8C81824476B}.Debug|Any CPU.ActiveCfg = Debug|Any CPU
		{46640D85-0D4D-489F-ABD1-C8C81824476B}.Debug|Any CPU.Build.0 = Debug|Any CPU
		{46640D85-0D4D-489F-ABD1-C8C81824476B}.Release|Any CPU.ActiveCfg = Release|Any CPU
		{46640D85-0D4D-489F-ABD1-C8C81824476B}.Release|Any CPU.Build.0 = Release|Any CPU
		{D891EA6D-EDAD-4EA6-979B-B94CA4B19663}.Debug|Any CPU.ActiveCfg = Debug|Any CPU
		{D891EA6D-EDAD-4EA6-979B-B94CA4B19663}.Debug|Any CPU.Build.0 = Debug|Any CPU
		{D891EA6D-EDAD-4EA6-979B-B94CA4B19663}.Release|Any CPU.ActiveCfg = Release|Any CPU
		{D891EA6D-EDAD-4EA6-979B-B94CA4B19663}.Release|Any CPU.Build.0 = Release|Any CPU
		{6BE67B81-E884-4AD2-8AD8-1C66EA81459F}.Debug|Any CPU.ActiveCfg = Debug|Any CPU
		{6BE67B81-E884-4AD2-8AD8-1C66EA81459F}.Debug|Any CPU.Build.0 = Debug|Any CPU
		{6BE67B81-E884-4AD2-8AD8-1C66EA81459F}.Release|Any CPU.ActiveCfg = Release|Any CPU
		{6BE67B81-E884-4AD2-8AD8-1C66EA81459F}.Release|Any CPU.Build.0 = Release|Any CPU
		{9C4AC0DD-8AE7-4F0F-ADDB-3BA0438AA87F}.Debug|Any CPU.ActiveCfg = Debug|Any CPU
		{9C4AC0DD-8AE7-4F0F-ADDB-3BA0438AA87F}.Debug|Any CPU.Build.0 = Debug|Any CPU
		{9C4AC0DD-8AE7-4F0F-ADDB-3BA0438AA87F}.Release|Any CPU.ActiveCfg = Release|Any CPU
		{9C4AC0DD-8AE7-4F0F-ADDB-3BA0438AA87F}.Release|Any CPU.Build.0 = Release|Any CPU
		{7581329B-4360-4D10-A0F4-17B4926CD65E}.Debug|Any CPU.ActiveCfg = Debug|Any CPU
		{7581329B-4360-4D10-A0F4-17B4926CD65E}.Debug|Any CPU.Build.0 = Debug|Any CPU
		{7581329B-4360-4D10-A0F4-17B4926CD65E}.Release|Any CPU.ActiveCfg = Release|Any CPU
		{7581329B-4360-4D10-A0F4-17B4926CD65E}.Release|Any CPU.Build.0 = Release|Any CPU
		{0310367E-454A-4CAF-A73A-DF6376ED2C01}.Debug|Any CPU.ActiveCfg = Debug|Any CPU
		{0310367E-454A-4CAF-A73A-DF6376ED2C01}.Debug|Any CPU.Build.0 = Debug|Any CPU
		{0310367E-454A-4CAF-A73A-DF6376ED2C01}.Release|Any CPU.ActiveCfg = Release|Any CPU
		{0310367E-454A-4CAF-A73A-DF6376ED2C01}.Release|Any CPU.Build.0 = Release|Any CPU
		{CADF1EF4-88B9-428C-8CFB-F34D1F3E8ABF}.Debug|Any CPU.ActiveCfg = Debug|Any CPU
		{CADF1EF4-88B9-428C-8CFB-F34D1F3E8ABF}.Debug|Any CPU.Build.0 = Debug|Any CPU
		{CADF1EF4-88B9-428C-8CFB-F34D1F3E8ABF}.Release|Any CPU.ActiveCfg = Release|Any CPU
		{CADF1EF4-88B9-428C-8CFB-F34D1F3E8ABF}.Release|Any CPU.Build.0 = Release|Any CPU
		{A51B1120-1F03-487B-80A3-525CF77EC2B9}.Debug|Any CPU.ActiveCfg = Debug|Any CPU
		{A51B1120-1F03-487B-80A3-525CF77EC2B9}.Debug|Any CPU.Build.0 = Debug|Any CPU
		{A51B1120-1F03-487B-80A3-525CF77EC2B9}.Release|Any CPU.ActiveCfg = Release|Any CPU
		{A51B1120-1F03-487B-80A3-525CF77EC2B9}.Release|Any CPU.Build.0 = Release|Any CPU
		{7C2447C6-C4C1-46B5-9C59-4D657C317283}.Debug|Any CPU.ActiveCfg = Debug|Any CPU
		{7C2447C6-C4C1-46B5-9C59-4D657C317283}.Debug|Any CPU.Build.0 = Debug|Any CPU
		{7C2447C6-C4C1-46B5-9C59-4D657C317283}.Release|Any CPU.ActiveCfg = Release|Any CPU
		{7C2447C6-C4C1-46B5-9C59-4D657C317283}.Release|Any CPU.Build.0 = Release|Any CPU
	EndGlobalSection
	GlobalSection(SolutionProperties) = preSolution
		HideSolutionNode = FALSE
	EndGlobalSection
	GlobalSection(ExtensibilityGlobals) = postSolution
		SolutionGuid = {D1F18B6A-7497-4772-8A25-E34C2493BEB6}
	EndGlobalSection
EndGlobal
